{
  "lockfile_version": "1",
  "packages": {
    "bacon@latest": {
      "last_modified": "2025-07-28T17:09:23Z",
      "resolved": "github:NixOS/nixpkgs/648f70160c03151bc2121d179291337ad6bc564b#bacon",
      "source": "devbox-search",
      "version": "3.16.0",
      "systems": {
        "aarch64-darwin": {
          "outputs": [
            {
              "name": "out",
              "path": "/nix/store/ll4bgh5qb735i8dmn62v8zzv4npi6h7y-bacon-3.16.0",
              "default": true
            }
          ],
          "store_path": "/nix/store/ll4bgh5qb735i8dmn62v8zzv4npi6h7y-bacon-3.16.0"
        },
        "aarch64-linux": {
          "outputs": [
            {
              "name": "out",
              "path": "/nix/store/gdfpcw20nalpflhk7j516jzh455rvlpk-bacon-3.16.0",
              "default": true
            }
          ],
          "store_path": "/nix/store/gdfpcw20nalpflhk7j516jzh455rvlpk-bacon-3.16.0"
        },
        "x86_64-darwin": {
          "outputs": [
            {
              "name": "out",
              "path": "/nix/store/xc49gfv84l44w74zp178502043gqs2ah-bacon-3.16.0",
              "default": true
            }
          ],
          "store_path": "/nix/store/xc49gfv84l44w74zp178502043gqs2ah-bacon-3.16.0"
        },
        "x86_64-linux": {
          "outputs": [
            {
              "name": "out",
              "path": "/nix/store/2fa5i2mc1549w17hdf0kkln1s9z6czyq-bacon-3.16.0",
              "default": true
            }
          ],
          "store_path": "/nix/store/2fa5i2mc1549w17hdf0kkln1s9z6czyq-bacon-3.16.0"
        }
      }
    },
    "cargo-chef@latest": {
      "last_modified": "2025-07-28T17:09:23Z",
      "resolved": "github:NixOS/nixpkgs/648f70160c03151bc2121d179291337ad6bc564b#cargo-chef",
      "source": "devbox-search",
      "version": "0.1.72",
      "systems": {
        "aarch64-darwin": {
          "outputs": [
            {
              "name": "out",
              "path": "/nix/store/7mf7bb00rjf0mralqalxg04b8g8m8kbx-cargo-chef-0.1.72",
              "default": true
            }
          ],
          "store_path": "/nix/store/7mf7bb00rjf0mralqalxg04b8g8m8kbx-cargo-chef-0.1.72"
        },
        "aarch64-linux": {
          "outputs": [
            {
              "name": "out",
              "path": "/nix/store/rd3kk8749j4skbz6cd1l2y5a51w9fi2h-cargo-chef-0.1.72",
              "default": true
            }
          ],
          "store_path": "/nix/store/rd3kk8749j4skbz6cd1l2y5a51w9fi2h-cargo-chef-0.1.72"
        },
        "x86_64-darwin": {
          "outputs": [
            {
              "name": "out",
              "path": "/nix/store/rq5bjpwk4fwbbi2wjbj0vwhqjcxmfdn2-cargo-chef-0.1.72",
              "default": true
            }
          ],
          "store_path": "/nix/store/rq5bjpwk4fwbbi2wjbj0vwhqjcxmfdn2-cargo-chef-0.1.72"
        },
        "x86_64-linux": {
          "outputs": [
            {
              "name": "out",
              "path": "/nix/store/3janvrqg8j6ag75smzjg8vlnmnprl9rg-cargo-chef-0.1.72",
              "default": true
            }
          ],
          "store_path": "/nix/store/3janvrqg8j6ag75smzjg8vlnmnprl9rg-cargo-chef-0.1.72"
        }
      }
    },
    "cargo-leptos@latest": {
      "last_modified": "2025-07-31T04:07:16Z",
      "resolved": "github:NixOS/nixpkgs/8679b16e11becd487b45d568358ddf9d5640d860#cargo-leptos",
      "source": "devbox-search",
      "version": "0.2.42",
      "systems": {
        "aarch64-darwin": {
          "outputs": [
            {
              "name": "out",
              "path": "/nix/store/ymzbay09inynz79266drn38kjnmslkl6-cargo-leptos-0.2.42",
              "default": true
            }
          ],
          "store_path": "/nix/store/ymzbay09inynz79266drn38kjnmslkl6-cargo-leptos-0.2.42"
        },
        "aarch64-linux": {
          "outputs": [
            {
              "name": "out",
              "path": "/nix/store/hpyxhwcv0mammh167r3rz5a7zypqimbs-cargo-leptos-0.2.42",
              "default": true
            }
          ],
          "store_path": "/nix/store/hpyxhwcv0mammh167r3rz5a7zypqimbs-cargo-leptos-0.2.42"
        },
        "x86_64-darwin": {
          "outputs": [
            {
              "name": "out",
              "path": "/nix/store/g4id5lzwf7bcvd43scim22s25gv13009-cargo-leptos-0.2.42",
              "default": true
            }
          ],
          "store_path": "/nix/store/g4id5lzwf7bcvd43scim22s25gv13009-cargo-leptos-0.2.42"
        },
        "x86_64-linux": {
          "outputs": [
            {
              "name": "out",
              "path": "/nix/store/95x52sffg0y7ydx609k4mp0yfdi83dgq-cargo-leptos-0.2.42",
              "default": true
            }
          ],
          "store_path": "/nix/store/95x52sffg0y7ydx609k4mp0yfdi83dgq-cargo-leptos-0.2.42"
        }
      }
    },
    "cargo-udeps@latest": {
      "last_modified": "2025-07-28T17:09:23Z",
      "resolved": "github:NixOS/nixpkgs/648f70160c03151bc2121d179291337ad6bc564b#cargo-udeps",
      "source": "devbox-search",
      "version": "0.1.57",
      "systems": {
        "aarch64-darwin": {
          "outputs": [
            {
              "name": "out",
              "path": "/nix/store/b8arqnhi6mvxf6r2brwa8czmmk0piayv-cargo-udeps-0.1.57",
              "default": true
            }
          ],
          "store_path": "/nix/store/b8arqnhi6mvxf6r2brwa8czmmk0piayv-cargo-udeps-0.1.57"
        },
        "aarch64-linux": {
          "outputs": [
            {
              "name": "out",
              "path": "/nix/store/l0w0p52a1zlxzqz89kg3m675pbnrdlig-cargo-udeps-0.1.57",
              "default": true
            }
          ],
          "store_path": "/nix/store/l0w0p52a1zlxzqz89kg3m675pbnrdlig-cargo-udeps-0.1.57"
        },
        "x86_64-darwin": {
          "outputs": [
            {
              "name": "out",
              "path": "/nix/store/68ij28jsi8xkv53jv4xf1yph51gj6jaw-cargo-udeps-0.1.57",
              "default": true
            }
          ],
          "store_path": "/nix/store/68ij28jsi8xkv53jv4xf1yph51gj6jaw-cargo-udeps-0.1.57"
        },
        "x86_64-linux": {
          "outputs": [
            {
              "name": "out",
              "path": "/nix/store/5f2jg34fjidi5w7wxgw2nz8ik0nkra07-cargo-udeps-0.1.57",
              "default": true
            }
          ],
          "store_path": "/nix/store/5f2jg34fjidi5w7wxgw2nz8ik0nkra07-cargo-udeps-0.1.57"
        }
      }
    },
    "cargo-watch@latest": {
      "last_modified": "2025-07-28T17:09:23Z",
      "resolved": "github:NixOS/nixpkgs/648f70160c03151bc2121d179291337ad6bc564b#cargo-watch",
      "source": "devbox-search",
      "version": "8.5.3",
      "systems": {
        "aarch64-darwin": {
          "outputs": [
            {
              "name": "out",
              "path": "/nix/store/asdsancbsyn12l7psc43xlhhdcii4b1x-cargo-watch-8.5.3",
              "default": true
            }
          ],
          "store_path": "/nix/store/asdsancbsyn12l7psc43xlhhdcii4b1x-cargo-watch-8.5.3"
        },
        "aarch64-linux": {
          "outputs": [
            {
              "name": "out",
              "path": "/nix/store/5l3psfx9r3m3bp5i8zh1hh8pzxn38q2l-cargo-watch-8.5.3",
              "default": true
            }
          ],
          "store_path": "/nix/store/5l3psfx9r3m3bp5i8zh1hh8pzxn38q2l-cargo-watch-8.5.3"
        },
        "x86_64-darwin": {
          "outputs": [
            {
              "name": "out",
              "path": "/nix/store/8a6wq156n6nj5pdv9av8pprr9hkk4cr9-cargo-watch-8.5.3",
              "default": true
            }
          ],
          "store_path": "/nix/store/8a6wq156n6nj5pdv9av8pprr9hkk4cr9-cargo-watch-8.5.3"
        },
        "x86_64-linux": {
          "outputs": [
            {
              "name": "out",
              "path": "/nix/store/wrzbcakywsw1s1jcc6gxxm4drwfzd6r6-cargo-watch-8.5.3",
              "default": true
            }
          ],
          "store_path": "/nix/store/wrzbcakywsw1s1jcc6gxxm4drwfzd6r6-cargo-watch-8.5.3"
        }
      }
    },
    "github:NixOS/nixpkgs/nixpkgs-unstable": {
      "last_modified": "2025-06-17T18:11:34Z",
      "resolved": "github:NixOS/nixpkgs/f45e75fc63fc8a7ffc3da382b2f6b681c5b71875?lastModified=1750183894&narHash=sha256-ZtOgEt70keBVB4YJc%2Bz7m0h7J1BOlv%2FGjHE1YC6KxeA%3D"
    },
    "github:nixos/nixpkgs/648f70160c03151bc2121d179291337ad6bc564b#playwright-driver.browsers": {
      "last_modified": "1970-01-01T00:00:00Z",
      "resolved": "github:nixos/nixpkgs/648f70160c03151bc2121d179291337ad6bc564b#playwright-driver.browsers"
    },
    "just@latest": {
      "last_modified": "2025-07-28T17:09:23Z",
      "resolved": "github:NixOS/nixpkgs/648f70160c03151bc2121d179291337ad6bc564b#just",
      "source": "devbox-search",
      "version": "1.42.4",
      "systems": {
        "aarch64-darwin": {
          "outputs": [
            {
              "name": "out",
              "path": "/nix/store/rfqsf7a8dym7bxd8bjfhndnmx7gvbgph-just-1.42.4",
              "default": true
            },
            {
              "name": "man",
              "path": "/nix/store/gih21nbjpx4ip4d4l2h0g3hi6664k147-just-1.42.4-man",
              "default": true
            },
            {
              "name": "doc",
              "path": "/nix/store/pq9fksdkn6sbq3lli4z5y37085d5l43d-just-1.42.4-doc"
            }
          ],
          "store_path": "/nix/store/rfqsf7a8dym7bxd8bjfhndnmx7gvbgph-just-1.42.4"
        },
        "aarch64-linux": {
          "outputs": [
            {
              "name": "out",
              "path": "/nix/store/8xcqlacbwjfz518ca5hgjrf8208wjp8g-just-1.42.4",
              "default": true
            },
            {
              "name": "man",
              "path": "/nix/store/83901a2c4v4cgv1b2kx7l6m9wd174sp8-just-1.42.4-man",
              "default": true
            },
            {
              "name": "doc",
              "path": "/nix/store/z7vj1b56v3z7i64r20aa8y61ayqppqfp-just-1.42.4-doc"
            }
          ],
          "store_path": "/nix/store/8xcqlacbwjfz518ca5hgjrf8208wjp8g-just-1.42.4"
        },
        "x86_64-darwin": {
          "outputs": [
            {
              "name": "out",
              "path": "/nix/store/xv86najr5k1r4fvg6yf8ha3m8b6bhdbj-just-1.42.4",
              "default": true
            },
            {
              "name": "man",
              "path": "/nix/store/1xj03nldjkkhgkih64iyakgfdj6pxwrx-just-1.42.4-man",
              "default": true
            },
            {
              "name": "doc",
              "path": "/nix/store/cbqy754s1xm921iw2gg97pmg9q6n7nd5-just-1.42.4-doc"
            }
          ],
          "store_path": "/nix/store/xv86najr5k1r4fvg6yf8ha3m8b6bhdbj-just-1.42.4"
        },
        "x86_64-linux": {
          "outputs": [
            {
              "name": "out",
              "path": "/nix/store/wnbn0xb6mzzbl594d51hqqvch1lnzhpb-just-1.42.4",
              "default": true
            },
            {
              "name": "man",
              "path": "/nix/store/bhry505vmc1rfpnr9yn1486488nsbpsg-just-1.42.4-man",
              "default": true
            },
            {
              "name": "doc",
              "path": "/nix/store/h5p6n1hg051hjs02jwlvbndlmx73nj45-just-1.42.4-doc"
            }
          ],
          "store_path": "/nix/store/wnbn0xb6mzzbl594d51hqqvch1lnzhpb-just-1.42.4"
        }
      }
    },
    "leptosfmt@latest": {
      "last_modified": "2025-07-28T17:09:23Z",
      "resolved": "github:NixOS/nixpkgs/648f70160c03151bc2121d179291337ad6bc564b#leptosfmt",
      "source": "devbox-search",
      "version": "0.1.33",
      "systems": {
        "aarch64-darwin": {
          "outputs": [
            {
              "name": "out",
              "path": "/nix/store/hvl1d7fj3il8841cifbngb2jjrvcb64i-leptosfmt-0.1.33",
              "default": true
            }
          ],
          "store_path": "/nix/store/hvl1d7fj3il8841cifbngb2jjrvcb64i-leptosfmt-0.1.33"
        },
        "aarch64-linux": {
          "outputs": [
            {
              "name": "out",
              "path": "/nix/store/ls6xhdpjq36h1c6kxls6r8kix1j141mf-leptosfmt-0.1.33",
              "default": true
            }
          ],
          "store_path": "/nix/store/ls6xhdpjq36h1c6kxls6r8kix1j141mf-leptosfmt-0.1.33"
        },
        "x86_64-darwin": {
          "outputs": [
            {
              "name": "out",
              "path": "/nix/store/pfgzzxh1mymyf0vvjlcw1mfxdwvr5iix-leptosfmt-0.1.33",
              "default": true
            }
          ],
          "store_path": "/nix/store/pfgzzxh1mymyf0vvjlcw1mfxdwvr5iix-leptosfmt-0.1.33"
        },
        "x86_64-linux": {
          "outputs": [
            {
              "name": "out",
              "path": "/nix/store/n09jf58z161ffxykw2pffyyhc49s8b00-leptosfmt-0.1.33",
              "default": true
            }
          ],
          "store_path": "/nix/store/n09jf58z161ffxykw2pffyyhc49s8b00-leptosfmt-0.1.33"
        }
      }
    },
    "nodejs@24": {
      "last_modified": "2025-08-10T04:38:50Z",
      "plugin_version": "0.0.2",
      "resolved": "github:NixOS/nixpkgs/641d909c4a7538f1539da9240dedb1755c907e40#nodejs_24",
      "source": "devbox-search",
      "version": "24.5.0",
      "systems": {
        "aarch64-darwin": {
          "outputs": [
            {
              "name": "out",
              "path": "/nix/store/b1j05q96hwagn787p2jlgqcjg2nf5x49-nodejs-24.5.0",
              "default": true
            },
            {
              "name": "dev",
              "path": "/nix/store/j6ayg4xpqy9xdxgrhpqylzq8v7v07c6r-nodejs-24.5.0-dev"
            },
            {
              "name": "libv8",
              "path": "/nix/store/3ys6v5s5gvd9snwnl4saynl6av7mz3vy-nodejs-24.5.0-libv8"
            }
          ],
          "store_path": "/nix/store/b1j05q96hwagn787p2jlgqcjg2nf5x49-nodejs-24.5.0"
        },
        "aarch64-linux": {
          "outputs": [
            {
              "name": "out",
              "path": "/nix/store/1kn0vh4gf3a22arldrw694apq3fhgp15-nodejs-24.5.0",
              "default": true
            },
            {
              "name": "dev",
              "path": "/nix/store/i3lqaj3j6znhnzh8ayka6q85r81ppxnw-nodejs-24.5.0-dev"
            },
            {
              "name": "libv8",
              "path": "/nix/store/jjw6xgmg6qynp336g9igqnzlfbhzxr2i-nodejs-24.5.0-libv8"
            }
          ],
          "store_path": "/nix/store/1kn0vh4gf3a22arldrw694apq3fhgp15-nodejs-24.5.0"
        },
        "x86_64-darwin": {
          "outputs": [
            {
              "name": "out",
              "path": "/nix/store/sbcg21wp4bdzyh2542v77sp535kvfbfq-nodejs-24.5.0",
              "default": true
            },
            {
              "name": "libv8",
              "path": "/nix/store/75b7iix0pbmxmfnmv90l3q0ll1gc75az-nodejs-24.5.0-libv8"
            },
            {
              "name": "dev",
              "path": "/nix/store/fg7pi9s6m0spci1pfqbny0kxmk832i3r-nodejs-24.5.0-dev"
            }
          ],
          "store_path": "/nix/store/sbcg21wp4bdzyh2542v77sp535kvfbfq-nodejs-24.5.0"
        },
        "x86_64-linux": {
          "outputs": [
            {
              "name": "out",
              "path": "/nix/store/357id3rjy9417k4dkvxxmpgd9bxrwc7l-nodejs-24.5.0",
              "default": true
            },
            {
              "name": "dev",
              "path": "/nix/store/0drh8jjq84sji6889l2k3ysmvy7sc9sg-nodejs-24.5.0-dev"
            },
            {
              "name": "libv8",
              "path": "/nix/store/kdlv4q7sgap0z43cylklhxz1g1q7751b-nodejs-24.5.0-libv8"
            }
          ],
          "store_path": "/nix/store/357id3rjy9417k4dkvxxmpgd9bxrwc7l-nodejs-24.5.0"
        }
      }
    },
    "openssl@latest": {
      "last_modified": "2025-08-12T09:17:37Z",
      "resolved": "github:NixOS/nixpkgs/372d9eeeafa5b15913201e2b92e8e539ac7c64d1#openssl",
      "source": "devbox-search",
      "version": "3.5.1",
      "systems": {
        "aarch64-darwin": {
          "outputs": [
            {
              "name": "bin",
              "path": "/nix/store/izq1292gji1xs6m3x68b8qx7zqan05f8-openssl-3.5.1-bin",
              "default": true
            },
            {
              "name": "man",
              "path": "/nix/store/0l182727myjmvfzsy8gx6inh3x504il3-openssl-3.5.1-man",
              "default": true
            },
            {
              "name": "dev",
              "path": "/nix/store/ng9za9qmgb7bvyjamx0c3y647d9aprmp-openssl-3.5.1-dev"
            },
            {
              "name": "doc",
              "path": "/nix/store/ggbmkvwiw1s919lyqqk75xks4v2cdbiw-openssl-3.5.1-doc"
            },
            {
              "name": "out",
              "path": "/nix/store/v7ip9q2908xcmq4i9wray4w1g81qb3sc-openssl-3.5.1"
            }
          ],
          "store_path": "/nix/store/izq1292gji1xs6m3x68b8qx7zqan05f8-openssl-3.5.1-bin"
        },
        "aarch64-linux": {
          "outputs": [
            {
              "name": "bin",
              "path": "/nix/store/xzmj7xk823r8lmjy6sjsg2g4blxybfi3-openssl-3.5.1-bin",
              "default": true
            },
            {
              "name": "man",
              "path": "/nix/store/vr911qc1hr53s8m6ylymp4cvhwqi45mv-openssl-3.5.1-man",
              "default": true
            },
            {
              "name": "dev",
              "path": "/nix/store/1p4cdalnyisvhlkl8w73q4qnns06ydvj-openssl-3.5.1-dev"
            },
            {
              "name": "doc",
              "path": "/nix/store/xq02qv12hlmhpz1109h7bp165i0a716r-openssl-3.5.1-doc"
            },
            {
              "name": "out",
              "path": "/nix/store/mcjp51nvbchqx54r6vhm718vjrdjb2a2-openssl-3.5.1"
            },
            {
              "name": "debug",
              "path": "/nix/store/vwnqrwx87w232ch5dlihngsc35sf048r-openssl-3.5.1-debug"
            }
          ],
          "store_path": "/nix/store/xzmj7xk823r8lmjy6sjsg2g4blxybfi3-openssl-3.5.1-bin"
        },
        "x86_64-darwin": {
          "outputs": [
            {
              "name": "bin",
              "path": "/nix/store/2h8gv6njdcsiq3z2raqjk3g0wz0kzzlw-openssl-3.5.1-bin",
              "default": true
            },
            {
              "name": "man",
              "path": "/nix/store/4zgwnvcfz96amr18cqprlnma8hw1hjl9-openssl-3.5.1-man",
              "default": true
            },
            {
              "name": "dev",
              "path": "/nix/store/hniscv0s0f4kjbl2shclml5q4ag5pymd-openssl-3.5.1-dev"
            },
            {
              "name": "doc",
              "path": "/nix/store/b7r9rf7m7n3096jifgqv7gaddx42v7p9-openssl-3.5.1-doc"
            },
            {
              "name": "out",
              "path": "/nix/store/9pcqqs75c8lbimwzndvklpxjkjl2f009-openssl-3.5.1"
            }
          ],
          "store_path": "/nix/store/2h8gv6njdcsiq3z2raqjk3g0wz0kzzlw-openssl-3.5.1-bin"
        },
        "x86_64-linux": {
          "outputs": [
            {
              "name": "bin",
              "path": "/nix/store/vwggl55yh9lba643r5avc78n7cmmbi2a-openssl-3.5.1-bin",
              "default": true
            },
            {
              "name": "man",
              "path": "/nix/store/57mz84gznx0ljg972m5ws4kcg3s1wdss-openssl-3.5.1-man",
              "default": true
            },
            {
              "name": "debug",
              "path": "/nix/store/3kmhc9kdw1niw1hn7xfnixhm7irgws2r-openssl-3.5.1-debug"
            },
            {
              "name": "dev",
              "path": "/nix/store/b97gjl5zygaf6vzxsa1lf7jih8q4xi00-openssl-3.5.1-dev"
            },
            {
              "name": "doc",
              "path": "/nix/store/a9m4vmx5ch8jq4xdmf8sy2bn1qxl2s8j-openssl-3.5.1-doc"
            },
            {
              "name": "out",
              "path": "/nix/store/lyl9yxxz8a3mlaxvm0jln6mglpbf2fha-openssl-3.5.1"
            }
          ],
          "store_path": "/nix/store/vwggl55yh9lba643r5avc78n7cmmbi2a-openssl-3.5.1-bin"
        }
      }
    },
    "pkg-config@latest": {
      "last_modified": "2025-07-28T17:09:23Z",
      "resolved": "github:NixOS/nixpkgs/648f70160c03151bc2121d179291337ad6bc564b#pkg-config",
      "source": "devbox-search",
      "version": "0.29.2",
      "systems": {
        "aarch64-darwin": {
          "outputs": [
            {
              "name": "out",
              "path": "/nix/store/wj9343rwp0vx0cy4dpl89gavk4pdja55-pkg-config-wrapper-0.29.2",
              "default": true
            },
            {
              "name": "man",
              "path": "/nix/store/a30b0ccp4b58mhc48afy9a02k45b2f9n-pkg-config-wrapper-0.29.2-man",
              "default": true
            },
            {
              "name": "doc",
              "path": "/nix/store/xdfqjgw4azgb9bsn53dhrqwid9h15d31-pkg-config-wrapper-0.29.2-doc"
            }
          ],
          "store_path": "/nix/store/wj9343rwp0vx0cy4dpl89gavk4pdja55-pkg-config-wrapper-0.29.2"
        },
        "aarch64-linux": {
          "outputs": [
            {
              "name": "out",
              "path": "/nix/store/vn90s8p77jf7iwaq1m81lqha8cs2wpk5-pkg-config-wrapper-0.29.2",
              "default": true
            },
            {
              "name": "man",
              "path": "/nix/store/vxxpa12ajsdk4r2gk01548r0ygw2n01x-pkg-config-wrapper-0.29.2-man",
              "default": true
            },
            {
              "name": "doc",
              "path": "/nix/store/h1x5m04ays3fg1xacspi43q7ia52lbkx-pkg-config-wrapper-0.29.2-doc"
            }
          ],
          "store_path": "/nix/store/vn90s8p77jf7iwaq1m81lqha8cs2wpk5-pkg-config-wrapper-0.29.2"
        },
        "x86_64-darwin": {
          "outputs": [
            {
              "name": "out",
              "path": "/nix/store/37gxv08h7bn7y58ziw5ni3bqzwfr04a1-pkg-config-wrapper-0.29.2",
              "default": true
            },
            {
              "name": "man",
              "path": "/nix/store/128yhvs3sg0bxhsxl0rgbczjgp10kdrq-pkg-config-wrapper-0.29.2-man",
              "default": true
            },
            {
              "name": "doc",
              "path": "/nix/store/n8h1bww0jlna6ycxvfig97fh6gjs83wv-pkg-config-wrapper-0.29.2-doc"
            }
          ],
          "store_path": "/nix/store/37gxv08h7bn7y58ziw5ni3bqzwfr04a1-pkg-config-wrapper-0.29.2"
        },
        "x86_64-linux": {
          "outputs": [
            {
              "name": "out",
              "path": "/nix/store/7vrzhnby95407cbbahn3fj3y98qifgby-pkg-config-wrapper-0.29.2",
              "default": true
            },
            {
              "name": "man",
              "path": "/nix/store/l23dn1jdzr58srzbcv2a0my0ilxx713z-pkg-config-wrapper-0.29.2-man",
              "default": true
            },
            {
              "name": "doc",
              "path": "/nix/store/kyppfi30wm5sfhnkwz1pr5nnlqpis2wa-pkg-config-wrapper-0.29.2-doc"
            }
          ],
          "store_path": "/nix/store/7vrzhnby95407cbbahn3fj3y98qifgby-pkg-config-wrapper-0.29.2"
        }
      }
    },
    "rustup@latest": {
      "last_modified": "2025-07-28T17:09:23Z",
      "plugin_version": "0.0.1",
      "resolved": "github:NixOS/nixpkgs/648f70160c03151bc2121d179291337ad6bc564b#rustup",
      "source": "devbox-search",
      "version": "1.28.2",
      "systems": {
        "aarch64-darwin": {
          "outputs": [
            {
              "name": "out",
              "path": "/nix/store/fhz4c3pawxqklssimadm9gp5jfagfl8v-rustup-1.28.2",
              "default": true
            }
          ],
          "store_path": "/nix/store/fhz4c3pawxqklssimadm9gp5jfagfl8v-rustup-1.28.2"
        },
        "aarch64-linux": {
          "outputs": [
            {
              "name": "out",
              "path": "/nix/store/0z156naqlk96m681ns9jji0pw4vwqxq9-rustup-1.28.2",
              "default": true
            }
          ],
          "store_path": "/nix/store/0z156naqlk96m681ns9jji0pw4vwqxq9-rustup-1.28.2"
        },
        "x86_64-darwin": {
          "outputs": [
            {
              "name": "out",
              "path": "/nix/store/2zgwgadb3q97mcia0w2z643y17ifpjkz-rustup-1.28.2",
              "default": true
            }
          ],
          "store_path": "/nix/store/2zgwgadb3q97mcia0w2z643y17ifpjkz-rustup-1.28.2"
        },
        "x86_64-linux": {
          "outputs": [
            {
              "name": "out",
              "path": "/nix/store/4z7n3dky3wmx7130rid6c67ra1ipqhn1-rustup-1.28.2",
              "default": true
            }
          ],
          "store_path": "/nix/store/4z7n3dky3wmx7130rid6c67ra1ipqhn1-rustup-1.28.2"
        }
      }
    },
    "trunk@latest": {
      "last_modified": "2025-07-28T17:09:23Z",
      "resolved": "github:NixOS/nixpkgs/648f70160c03151bc2121d179291337ad6bc564b#trunk",
      "source": "devbox-search",
      "version": "0.21.14",
      "systems": {
        "aarch64-darwin": {
          "outputs": [
            {
              "name": "out",
              "path": "/nix/store/j4pxnxkchbvvlj132l5cwljrm602fmvs-trunk-0.21.14",
              "default": true
            }
          ],
          "store_path": "/nix/store/j4pxnxkchbvvlj132l5cwljrm602fmvs-trunk-0.21.14"
        },
        "aarch64-linux": {
          "outputs": [
            {
              "name": "out",
              "path": "/nix/store/9wznxami6pkq2dw6l4szrg4sifh492c2-trunk-0.21.14",
              "default": true
            }
          ],
          "store_path": "/nix/store/9wznxami6pkq2dw6l4szrg4sifh492c2-trunk-0.21.14"
        },
        "x86_64-darwin": {
          "outputs": [
            {
              "name": "out",
              "path": "/nix/store/qr6nbiwaw4zs0j3872mjbn7fwgh2m5vl-trunk-0.21.14",
              "default": true
            }
          ],
          "store_path": "/nix/store/qr6nbiwaw4zs0j3872mjbn7fwgh2m5vl-trunk-0.21.14"
        },
        "x86_64-linux": {
          "outputs": [
            {
              "name": "out",
              "path": "/nix/store/j7y8mqi4klmsagw0g6k3zqnx3k1n2zxa-trunk-0.21.14",
              "default": true
            }
          ],
          "store_path": "/nix/store/j7y8mqi4klmsagw0g6k3zqnx3k1n2zxa-trunk-0.21.14"
        }
      }
    }
  }
}
